<?xml version="1.0" encoding="utf-8"?>
<Project ToolsVersion="4.0" xmlns="http://schemas.microsoft.com/developer/msbuild/2003">
  <ItemGroup>
    <Filter Include="Source Files">
      <UniqueIdentifier>{4dd2a3d5-3f01-4e6e-902f-765bd8479663}</UniqueIdentifier>
      <Extensions>cpp;c;cxx;rc;def;r;odl;idl;hpj;bat</Extensions>
    </Filter>
    <Filter Include="Header Files">
      <UniqueIdentifier>{18d9f0f3-c746-4b77-bad2-267682a61d1d}</UniqueIdentifier>
      <Extensions>h;hpp;hxx;hm;inl</Extensions>
    </Filter>
  </ItemGroup>
  <ItemGroup>
    <ClCompile Include="boundary.cpp">
      <Filter>Source Files</Filter>
    </ClCompile>
    <ClCompile Include="dcbuilder.cpp">
      <Filter>Source Files</Filter>
    </ClCompile>
    <ClCompile Include="dcofaces.cpp">
      <Filter>Source Files</Filter>
    </ClCompile>
    <ClCompile Include="dcomp.cpp">
      <Filter>Source Files</Filter>
    </ClCompile>
    <ClCompile Include="dcompiter.cpp">
      <Filter>Source Files</Filter>
    </ClCompile>
    <ClCompile Include="faces.cpp">
      <Filter>Source Files</Filter>
    </ClCompile>
    <ClCompile Include="ksimpsize.cpp">
      <Filter>Source Files</Filter>
    </ClCompile>
    <ClCompile Include="simpsize.cpp">
      <Filter>Source Files</Filter>
    </ClCompile>
  </ItemGroup>
  <ItemGroup>
    <ClInclude Include="boundary.h">
      <Filter>Header Files</Filter>
    </ClInclude>
    <ClInclude Include="dcbuilder.h">
      <Filter>Header Files</Filter>
    </ClInclude>
    <ClInclude Include="dcofaces.h">
      <Filter>Header Files</Filter>
    </ClInclude>
    <ClInclude Include="dcomp.h">
      <Filter>Header Files</Filter>
    </ClInclude>
    <ClInclude Include="dcompiter.h">
      <Filter>Header Files</Filter>
    </ClInclude>
    <ClInclude Include="ksimpsize.h">
      <Filter>Header Files</Filter>
    </ClInclude>
    <ClInclude Include="simpsize.h">
      <Filter>Header Files</Filter>
    </ClInclude>
  </ItemGroup>
</Project>