<?xml version="1.0" encoding="utf-8"?>
<Project ToolsVersion="4.0" xmlns="http://schemas.microsoft.com/developer/msbuild/2003">
  <ItemGroup>
    <Filter Include="Source Files">
      <UniqueIdentifier>{d06649d4-fed5-44d6-a076-dc9d6b0a45df}</UniqueIdentifier>
      <Extensions>cpp;c;cxx;rc;def;r;odl;idl;hpj;bat</Extensions>
    </Filter>
    <Filter Include="Header Files">
      <UniqueIdentifier>{5b35ceb3-a457-4e20-9279-89a2bc467eeb}</UniqueIdentifier>
      <Extensions>h;hpp;hxx;hm;inl</Extensions>
    </Filter>
  </ItemGroup>
  <ItemGroup>
    <ClCompile Include="li.cpp">
      <Filter>Source Files</Filter>
    </ClCompile>
    <ClCompile Include="lidet.cpp">
      <Filter>Source Files</Filter>
    </ClCompile>
    <ClCompile Include="liminor.cpp">
      <Filter>Source Files</Filter>
    </ClCompile>
    <ClCompile Include="lipoints.cpp">
      <Filter>Source Files</Filter>
    </ClCompile>
    <ClCompile Include="listack.cpp">
      <Filter>Source Files</Filter>
    </ClCompile>
    <ClCompile Include="chars.cpp">
      <Filter>Source Files</Filter>
    </ClCompile>
    <ClCompile Include="det.cpp">
      <Filter>Source Files</Filter>
    </ClCompile>
    <ClCompile Include="lia.cpp">
      <Filter>Source Files</Filter>
    </ClCompile>
    <ClCompile Include="liaux.cpp">
      <Filter>Source Files</Filter>
    </ClCompile>
    <ClCompile Include="pool.cpp">
      <Filter>Source Files</Filter>
    </ClCompile>
    <ClCompile Include="stack.cpp">
      <Filter>Source Files</Filter>
    </ClCompile>
  </ItemGroup>
  <ItemGroup>
    <ClInclude Include="base.h">
      <Filter>Header Files</Filter>
    </ClInclude>
    <ClInclude Include="li.h">
      <Filter>Header Files</Filter>
    </ClInclude>
    <ClInclude Include="lia.h">
      <Filter>Header Files</Filter>
    </ClInclude>
    <ClInclude Include="lidet.h">
      <Filter>Header Files</Filter>
    </ClInclude>
    <ClInclude Include="liminor.h">
      <Filter>Header Files</Filter>
    </ClInclude>
    <ClInclude Include="lipoints.h">
      <Filter>Header Files</Filter>
    </ClInclude>
    <ClInclude Include="listack.h">
      <Filter>Header Files</Filter>
    </ClInclude>
  </ItemGroup>
</Project>